
Microsoft Visual Studio Solution File, Format Version 12.00
# Visual Studio 2013
VisualStudioVersion = 12.0.21005.1
MinimumVisualStudioVersion = 10.0.40219.1
Project("{FAE04EC0-301F-11D3-BF4B-00C04F79EFBC}") = "01.OddLines", "01.OddLines\01.OddLines.csproj", "{3124D177-4341-406C-BA89-A591AA068AE5}"
EndProject
Project("{FAE04EC0-301F-11D3-BF4B-00C04F79EFBC}") = "02.ConcatenateTextFiles", "02.ConcatenateTextFiles\02.ConcatenateTextFiles.csproj", "{75B780B5-EF6B-4D9A-8E98-822A10568A97}"
EndProject
Project("{FAE04EC0-301F-11D3-BF4B-00C04F79EFBC}") = "03.LineNumbers", "03.LineNumbers\03.LineNumbers.csproj", "{684D35A0-DCCB-4E8E-8599-FB9E78A13CE0}"
EndProject
Project("{FAE04EC0-301F-11D3-BF4B-00C04F79EFBC}") = "04.CompareTextFiles", "04.CompareTextFiles\04.CompareTextFiles.csproj", "{32D60F67-F5DF-4AA6-BEF5-6450282CEF9C}"
EndProject
Project("{FAE04EC0-301F-11D3-BF4B-00C04F79EFBC}") = "05.MaximalAreaSum", "05.MaximalAreaSum\05.MaximalAreaSum.csproj", "{9D5B90A2-903C-4B55-B513-D0437BD43A7B}"
EndProject
Project("{FAE04EC0-301F-11D3-BF4B-00C04F79EFBC}") = "06.SaveSortedNames", "06.SaveSortedNames\06.SaveSortedNames.csproj", "{0267D373-FA11-474A-B3D2-603559EA76AB}"
EndProject
Project("{FAE04EC0-301F-11D3-BF4B-00C04F79EFBC}") = "07.ReplaceSubstring", "07.ReplaceSubstring\07.ReplaceSubstring.csproj", "{D8653B67-80CF-445E-92C3-E97011F6155E}"
EndProject
Project("{FAE04EC0-301F-11D3-BF4B-00C04F79EFBC}") = "08.ReplaceWord", "08.ReplaceWord\08.ReplaceWord.csproj", "{EDA555D4-DC67-4E34-83D5-71B04F9DF496}"
EndProject
Project("{FAE04EC0-301F-11D3-BF4B-00C04F79EFBC}") = "09.DeleteOddLines", "09.DeleteOddLines\09.DeleteOddLines.csproj", "{E8FC4264-12B0-4CFF-B1DA-435C331087BE}"
EndProject
Project("{FAE04EC0-301F-11D3-BF4B-00C04F79EFBC}") = "10.ExtractTextFromXML", "10.ExtractTextFromHtml\10.ExtractTextFromXML.csproj", "{C0497807-9871-4C92-9FD9-4F4EC0AAE2D1}"
EndProject
Project("{FAE04EC0-301F-11D3-BF4B-00C04F79EFBC}") = "11.PrefixTest", "11.PrefixTest\11.PrefixTest.csproj", "{D29B7FB6-0027-4243-9D52-BABCCFF7A144}"
EndProject
Project("{FAE04EC0-301F-11D3-BF4B-00C04F79EFBC}") = "12.RemoveWords", "12.RemoveWords\12.RemoveWords.csproj", "{8E9E9FAB-055E-49B2-8392-CD20ED68A6C5}"
EndProject
Project("{FAE04EC0-301F-11D3-BF4B-00C04F79EFBC}") = "13.CountWords", "13.CountWords\13.CountWords.csproj", "{2B733737-0210-4309-ACAA-61F6AF9C0C9E}"
EndProject
Global
	GlobalSection(SolutionConfigurationPlatforms) = preSolution
		Debug|Any CPU = Debug|Any CPU
		Release|Any CPU = Release|Any CPU
	EndGlobalSection
	GlobalSection(ProjectConfigurationPlatforms) = postSolution
		{3124D177-4341-406C-BA89-A591AA068AE5}.Debug|Any CPU.ActiveCfg = Debug|Any CPU
		{3124D177-4341-406C-BA89-A591AA068AE5}.Debug|Any CPU.Build.0 = Debug|Any CPU
		{3124D177-4341-406C-BA89-A591AA068AE5}.Release|Any CPU.ActiveCfg = Release|Any CPU
		{3124D177-4341-406C-BA89-A591AA068AE5}.Release|Any CPU.Build.0 = Release|Any CPU
		{75B780B5-EF6B-4D9A-8E98-822A10568A97}.Debug|Any CPU.ActiveCfg = Debug|Any CPU
		{75B780B5-EF6B-4D9A-8E98-822A10568A97}.Debug|Any CPU.Build.0 = Debug|Any CPU
		{75B780B5-EF6B-4D9A-8E98-822A10568A97}.Release|Any CPU.ActiveCfg = Release|Any CPU
		{75B780B5-EF6B-4D9A-8E98-822A10568A97}.Release|Any CPU.Build.0 = Release|Any CPU
		{684D35A0-DCCB-4E8E-8599-FB9E78A13CE0}.Debug|Any CPU.ActiveCfg = Debug|Any CPU
		{684D35A0-DCCB-4E8E-8599-FB9E78A13CE0}.Debug|Any CPU.Build.0 = Debug|Any CPU
		{684D35A0-DCCB-4E8E-8599-FB9E78A13CE0}.Release|Any CPU.ActiveCfg = Release|Any CPU
		{684D35A0-DCCB-4E8E-8599-FB9E78A13CE0}.Release|Any CPU.Build.0 = Release|Any CPU
		{32D60F67-F5DF-4AA6-BEF5-6450282CEF9C}.Debug|Any CPU.ActiveCfg = Debug|Any CPU
		{32D60F67-F5DF-4AA6-BEF5-6450282CEF9C}.Debug|Any CPU.Build.0 = Debug|Any CPU
		{32D60F67-F5DF-4AA6-BEF5-6450282CEF9C}.Release|Any CPU.ActiveCfg = Release|Any CPU
		{32D60F67-F5DF-4AA6-BEF5-6450282CEF9C}.Release|Any CPU.Build.0 = Release|Any CPU
		{9D5B90A2-903C-4B55-B513-D0437BD43A7B}.Debug|Any CPU.ActiveCfg = Debug|Any CPU
		{9D5B90A2-903C-4B55-B513-D0437BD43A7B}.Debug|Any CPU.Build.0 = Debug|Any CPU
		{9D5B90A2-903C-4B55-B513-D0437BD43A7B}.Release|Any CPU.ActiveCfg = Release|Any CPU
		{9D5B90A2-903C-4B55-B513-D0437BD43A7B}.Release|Any CPU.Build.0 = Release|Any CPU
		{0267D373-FA11-474A-B3D2-603559EA76AB}.Debug|Any CPU.ActiveCfg = Debug|Any CPU
		{0267D373-FA11-474A-B3D2-603559EA76AB}.Debug|Any CPU.Build.0 = Debug|Any CPU
		{0267D373-FA11-474A-B3D2-603559EA76AB}.Release|Any CPU.ActiveCfg = Release|Any CPU
		{0267D373-FA11-474A-B3D2-603559EA76AB}.Release|Any CPU.Build.0 = Release|Any CPU
		{D8653B67-80CF-445E-92C3-E97011F6155E}.Debug|Any CPU.ActiveCfg = Debug|Any CPU
		{D8653B67-80CF-445E-92C3-E97011F6155E}.Debug|Any CPU.Build.0 = Debug|Any CPU
		{D8653B67-80CF-445E-92C3-E97011F6155E}.Release|Any CPU.ActiveCfg = Release|Any CPU
		{D8653B67-80CF-445E-92C3-E97011F6155E}.Release|Any CPU.Build.0 = Release|Any CPU
		{EDA555D4-DC67-4E34-83D5-71B04F9DF496}.Debug|Any CPU.ActiveCfg = Debug|Any CPU
		{EDA555D4-DC67-4E34-83D5-71B04F9DF496}.Debug|Any CPU.Build.0 = Debug|Any CPU
		{EDA555D4-DC67-4E34-83D5-71B04F9DF496}.Release|Any CPU.ActiveCfg = Release|Any CPU
		{EDA555D4-DC67-4E34-83D5-71B04F9DF496}.Release|Any CPU.Build.0 = Release|Any CPU
		{E8FC4264-12B0-4CFF-B1DA-435C331087BE}.Debug|Any CPU.ActiveCfg = Debug|Any CPU
		{E8FC4264-12B0-4CFF-B1DA-435C331087BE}.Debug|Any CPU.Build.0 = Debug|Any CPU
		{E8FC4264-12B0-4CFF-B1DA-435C331087BE}.Release|Any CPU.ActiveCfg = Release|Any CPU
		{E8FC4264-12B0-4CFF-B1DA-435C331087BE}.Release|Any CPU.Build.0 = Release|Any CPU
		{C0497807-9871-4C92-9FD9-4F4EC0AAE2D1}.Debug|Any CPU.ActiveCfg = Debug|Any CPU
		{C0497807-9871-4C92-9FD9-4F4EC0AAE2D1}.Debug|Any CPU.Build.0 = Debug|Any CPU
		{C0497807-9871-4C92-9FD9-4F4EC0AAE2D1}.Release|Any CPU.ActiveCfg = Release|Any CPU
		{C0497807-9871-4C92-9FD9-4F4EC0AAE2D1}.Release|Any CPU.Build.0 = Release|Any CPU
		{D29B7FB6-0027-4243-9D52-BABCCFF7A144}.Debug|Any CPU.ActiveCfg = Debug|Any CPU
		{D29B7FB6-0027-4243-9D52-BABCCFF7A144}.Debug|Any CPU.Build.0 = Debug|Any CPU
		{D29B7FB6-0027-4243-9D52-BABCCFF7A144}.Release|Any CPU.ActiveCfg = Release|Any CPU
		{D29B7FB6-0027-4243-9D52-BABCCFF7A144}.Release|Any CPU.Build.0 = Release|Any CPU
		{8E9E9FAB-055E-49B2-8392-CD20ED68A6C5}.Debug|Any CPU.ActiveCfg = Debug|Any CPU
		{8E9E9FAB-055E-49B2-8392-CD20ED68A6C5}.Debug|Any CPU.Build.0 = Debug|Any CPU
		{8E9E9FAB-055E-49B2-8392-CD20ED68A6C5}.Release|Any CPU.ActiveCfg = Release|Any CPU
		{8E9E9FAB-055E-49B2-8392-CD20ED68A6C5}.Release|Any CPU.Build.0 = Release|Any CPU
		{2B733737-0210-4309-ACAA-61F6AF9C0C9E}.Debug|Any CPU.ActiveCfg = Debug|Any CPU
		{2B733737-0210-4309-ACAA-61F6AF9C0C9E}.Debug|Any CPU.Build.0 = Debug|Any CPU
		{2B733737-0210-4309-ACAA-61F6AF9C0C9E}.Release|Any CPU.ActiveCfg = Release|Any CPU
		{2B733737-0210-4309-ACAA-61F6AF9C0C9E}.Release|Any CPU.Build.0 = Release|Any CPU
	EndGlobalSection
	GlobalSection(SolutionProperties) = preSolution
		HideSolutionNode = FALSE
	EndGlobalSection
EndGlobal
